
Microsoft Visual Studio Solution File, Format Version 12.00
# Visual Studio Version 17
VisualStudioVersion = 17.6.33815.320
MinimumVisualStudioVersion = 10.0.40219.1
Project("{FAE04EC0-301F-11D3-BF4B-00C04F79EFBC}") = "DailyPractice", "DailyPractice\DailyPractice.csproj", "{87323942-0AE9-47E8-B715-DC08B69114A6}"
EndProject
Global
	GlobalSection(SolutionConfigurationPlatforms) = preSolution
		Debug|Any CPU = Debug|Any CPU
		Release|Any CPU = Release|Any CPU
	EndGlobalSection
	GlobalSection(ProjectConfigurationPlatforms) = postSolution
		{87323942-0AE9-47E8-B715-DC08B69114A6}.Debug|Any CPU.ActiveCfg = Debug|Any CPU
		{87323942-0AE9-47E8-B715-DC08B69114A6}.Debug|Any CPU.Build.0 = Debug|Any CPU
		{87323942-0AE9-47E8-B715-DC08B69114A6}.Release|Any CPU.ActiveCfg = Release|Any CPU
		{87323942-0AE9-47E8-B715-DC08B69114A6}.Release|Any CPU.Build.0 = Release|Any CPU
	EndGlobalSection
	GlobalSection(SolutionProperties) = preSolution
		HideSolutionNode = FALSE
	EndGlobalSection
	GlobalSection(ExtensibilityGlobals) = postSolution
		SolutionGuid = {FBE626D9-68F3-4806-BE8E-5001564555F6}
	EndGlobalSection
EndGlobal
